{
  "name": "2-Shamir-decryption",
  "lockfileVersion": 3,
  "requires": true,
  "packages": {
    "": {
      "dependencies": {
        "shamirs-secret-sharing": "^2.0.0"
      }
    },
    "node_modules/shamirs-secret-sharing": {
      "version": "2.0.0",
      "resolved": "https://registry.npmjs.org/shamirs-secret-sharing/-/shamirs-secret-sharing-2.0.0.tgz",
      "integrity": "sha512-HI+g+p5dFxDdwnBPfgp9wOiVa0Ix2KflpPooHOJCQDo13WDQENpXcZa/vaxfk1e7OM+odg+KnwP+xS5wbLGH4w==",
      "license": "MIT"
    }
  }
}
